
Microsoft Visual Studio Solution File, Format Version 12.00
# Visual Studio Version 16
VisualStudioVersion = 16.0.31229.75
MinimumVisualStudioVersion = 10.0.40219.1
Project("{2150E333-8FDC-42A3-9474-1A3956D46DE8}") = "BlockingCollections", "BlockingCollections", "{B61E3828-74C6-4F7A-A398-6BAD4DC42F0E}"
EndProject
Project("{FAE04EC0-301F-11D3-BF4B-00C04F79EFBC}") = "BlockingCollectionSample", "BlockingCollectionSample\BlockingCollectionSample.csproj", "{FDFD9F03-890D-48B3-8935-72925269BE77}"
EndProject
Global
	GlobalSection(SolutionConfigurationPlatforms) = preSolution
		Debug|Any CPU = Debug|Any CPU
		Release|Any CPU = Release|Any CPU
	EndGlobalSection
	GlobalSection(ProjectConfigurationPlatforms) = postSolution
		{FDFD9F03-890D-48B3-8935-72925269BE77}.Debug|Any CPU.ActiveCfg = Debug|Any CPU
		{FDFD9F03-890D-48B3-8935-72925269BE77}.Debug|Any CPU.Build.0 = Debug|Any CPU
		{FDFD9F03-890D-48B3-8935-72925269BE77}.Release|Any CPU.ActiveCfg = Release|Any CPU
		{FDFD9F03-890D-48B3-8935-72925269BE77}.Release|Any CPU.Build.0 = Release|Any CPU
	EndGlobalSection
	GlobalSection(SolutionProperties) = preSolution
		HideSolutionNode = FALSE
	EndGlobalSection
	GlobalSection(NestedProjects) = preSolution
		{FDFD9F03-890D-48B3-8935-72925269BE77} = {B61E3828-74C6-4F7A-A398-6BAD4DC42F0E}
	EndGlobalSection
	GlobalSection(ExtensibilityGlobals) = postSolution
		SolutionGuid = {83DACB3D-201C-40C0-8711-D4BEB200B540}
	EndGlobalSection
EndGlobal
